
Microsoft Visual Studio Solution File, Format Version 12.00
# Visual Studio Version 17
VisualStudioVersion = 17.5.33530.505
MinimumVisualStudioVersion = 10.0.40219.1
Project("{FAE04EC0-301F-11D3-BF4B-00C04F79EFBC}") = "Ecommerce_App", "Ecommerce_App.csproj", "{1B98F015-16F4-4AFE-88C3-1B825CB24327}"
EndProject
Global
	GlobalSection(SolutionConfigurationPlatforms) = preSolution
		Debug|Any CPU = Debug|Any CPU
		Release|Any CPU = Release|Any CPU
	EndGlobalSection
	GlobalSection(ProjectConfigurationPlatforms) = postSolution
		{1B98F015-16F4-4AFE-88C3-1B825CB24327}.Debug|Any CPU.ActiveCfg = Debug|Any CPU
		{1B98F015-16F4-4AFE-88C3-1B825CB24327}.Debug|Any CPU.Build.0 = Debug|Any CPU
		{1B98F015-16F4-4AFE-88C3-1B825CB24327}.Release|Any CPU.ActiveCfg = Release|Any CPU
		{1B98F015-16F4-4AFE-88C3-1B825CB24327}.Release|Any CPU.Build.0 = Release|Any CPU
	EndGlobalSection
	GlobalSection(SolutionProperties) = preSolution
		HideSolutionNode = FALSE
	EndGlobalSection
	GlobalSection(ExtensibilityGlobals) = postSolution
		SolutionGuid = {DA15F73D-1E68-45AA-9073-EF687C697DAD}
	EndGlobalSection
EndGlobal
